{
  "name": "DailyLife",
  "version": "0.0.1",
  "lockfileVersion": 1,
  "requires": true,
  "dependencies": {
    "react-native-splash-screen": {
      "version": "3.0.9",
      "resolved": "http://registry.npm.taobao.org/react-native-splash-screen/download/react-native-splash-screen-3.0.9.tgz",
      "integrity": "sha1-XN0CauQU1gzYa8qol7/6zRY5W+0="
    }
  }
}
